# THIS IS AN AUTOGENERATED FILE. DO NOT EDIT THIS FILE DIRECTLY.
# yarn lockfile v1


"@types/node@^18.11.18":
  version "18.17.6"
  resolved "https://registry.yarnpkg.com/@types/node/-/node-18.17.6.tgz#0296e9a30b22d2a8fcaa48d3c45afe51474ca55b"
  integrity sha512-fGmT/P7z7ecA6bv/ia5DlaWCH4YeZvAQMNpUhrJjtAhOhZfoxS1VLUgU2pdk63efSjQaOJWdXMuAJsws+8I6dg==

"@types/ssh2@^1.11.13":
  version "1.11.13"
  resolved "https://registry.yarnpkg.com/@types/ssh2/-/ssh2-1.11.13.tgz#e6224da936abec0541bf26aa826b1cc37ea70d69"
  integrity sha512-08WbG68HvQ2YVi74n2iSUnYHYpUdFc/s2IsI0BHBdJwaqYJpWlVv9elL0tYShTv60yr0ObdxJR5NrCRiGJ/0CQ==
  dependencies:
    "@types/node" "^18.11.18"

asn1@^0.2.6:
  version "0.2.6"
  resolved "https://registry.yarnpkg.com/asn1/-/asn1-0.2.6.tgz#0d3a7bb6e64e02a90c0303b31f292868ea09a08d"
  integrity sha512-ix/FxPn0MDjeyJ7i/yoHGFt/EX6LyNbxSEhPPXODPL+KB0VPk86UYfL0lMdy+KCnv+fmvIzySwaK5COwqVbWTQ==
  dependencies:
    safer-buffer "~2.1.0"

bcrypt-pbkdf@^1.0.2:
  version "1.0.2"
  resolved "https://registry.yarnpkg.com/bcrypt-pbkdf/-/bcrypt-pbkdf-1.0.2.tgz#a4301d389b6a43f9b67ff3ca11a3f6637e360e9e"
  integrity sha512-qeFIXtP4MSoi6NLqO12WfqARWWuCKi2Rn/9hJLEmtB5yTNr9DqFWkJRCf2qShWzPeAMRnOgCrq0sg/KLv5ES9w==
  dependencies:
    tweetnacl "^0.14.3"

buildcheck@~0.0.6:
  version "0.0.6"
  resolved "https://registry.yarnpkg.com/buildcheck/-/buildcheck-0.0.6.tgz#89aa6e417cfd1e2196e3f8fe915eb709d2fe4238"
  integrity sha512-8f9ZJCUXyT1M35Jx7MkBgmBMo3oHTTBIPLiY9xyL0pl3T5RwcPEY8cUHr5LBNfu/fk6c2T4DJZuVM/8ZZT2D2A==

cpu-features@~0.0.8:
  version "0.0.9"
  resolved "https://registry.yarnpkg.com/cpu-features/-/cpu-features-0.0.9.tgz#5226b92f0f1c63122b0a3eb84cb8335a4de499fc"
  integrity sha512-AKjgn2rP2yJyfbepsmLfiYcmtNn/2eUvocUyM/09yB0YDiz39HteK/5/T4Onf0pmdYDMgkBoGvRLvEguzyL7wQ==
  dependencies:
    buildcheck "~0.0.6"
    nan "^2.17.0"

nan@^2.17.0:
  version "2.17.0"
  resolved "https://registry.yarnpkg.com/nan/-/nan-2.17.0.tgz#c0150a2368a182f033e9aa5195ec76ea41a199cb"
  integrity sha512-2ZTgtl0nJsO0KQCjEpxcIr5D+Yv90plTitZt9JBfQvVJDS5seMl3FOvsh3+9CoYWXf/1l5OaZzzF6nDm4cagaQ==

safer-buffer@~2.1.0:
  version "2.1.2"
  resolved "https://registry.yarnpkg.com/safer-buffer/-/safer-buffer-2.1.2.tgz#44fa161b0187b9549dd84bb91802f9bd8385cd6a"
  integrity sha512-YZo3K82SD7Riyi0E1EQPojLz7kpepnSQI9IyPbHHg1XXXevb5dJI7tpyN2ADxGcQbHG7vcyRHk0cbwqcQriUtg==

ssh2@^1.14.0:
  version "1.14.0"
  resolved "https://registry.yarnpkg.com/ssh2/-/ssh2-1.14.0.tgz#8f68440e1b768b66942c9e4e4620b2725b3555bb"
  integrity sha512-AqzD1UCqit8tbOKoj6ztDDi1ffJZ2rV2SwlgrVVrHPkV5vWqGJOVp5pmtj18PunkPJAuKQsnInyKV+/Nb2bUnA==
  dependencies:
    asn1 "^0.2.6"
    bcrypt-pbkdf "^1.0.2"
  optionalDependencies:
    cpu-features "~0.0.8"
    nan "^2.17.0"

tweetnacl@^0.14.3:
  version "0.14.5"
  resolved "https://registry.yarnpkg.com/tweetnacl/-/tweetnacl-0.14.5.tgz#5ae68177f192d4456269d108afa93ff8743f4f64"
  integrity sha512-KXXFFdAbFXY4geFIwoyNK+f5Z1b7swfXABfL7HXCmoIWMKU3dmS26672A4EeQtDzLKy7SXmfBu51JolvEKwtGA==
